<?xml version="1.0" encoding="utf-8"?>
<Project ToolsVersion="4.0" xmlns="http://schemas.microsoft.com/developer/msbuild/2003">
  <ItemGroup>
    <Filter Include="Source Files">
      <UniqueIdentifier>{4FC737F1-C7A5-4376-A066-2A32D752A2FF}</UniqueIdentifier>
      <Extensions>cpp;c;cc;cxx;def;odl;idl;hpj;bat;asm;asmx</Extensions>
    </Filter>
    <Filter Include="Header Files">
      <UniqueIdentifier>{93995380-89BD-4b04-88EB-625FBE52EBFB}</UniqueIdentifier>
      <Extensions>h;hpp;hxx;hm;inl;inc;xsd</Extensions>
    </Filter>
  </ItemGroup>
  <ItemGroup>
    <ClCompile Include="..\..\cglib\src\Application.cpp">
      <Filter>Source Files</Filter>
    </ClCompile>
    <ClCompile Include="..\..\cglib\src\DebugFile.cpp">
      <Filter>Source Files</Filter>
    </ClCompile>
    <ClCompile Include="..\..\cglib\src\DebugNotifier.cpp">
      <Filter>Source Files</Filter>
    </ClCompile>
    <ClCompile Include="..\..\cglib\src\DrawNotifier.cpp">
      <Filter>Source Files</Filter>
    </ClCompile>
    <ClCompile Include="..\..\cglib\src\DrawOverlayNotifier.cpp">
      <Filter>Source Files</Filter>
    </ClCompile>
    <ClCompile Include="..\..\cglib\src\Group.cpp">
      <Filter>Source Files</Filter>
    </ClCompile>
    <ClCompile Include="..\..\cglib\src\KeyboardEventNotifier.cpp">
      <Filter>Source Files</Filter>
    </ClCompile>
    <ClCompile Include="..\..\cglib\src\KeyBuffer.cpp">
      <Filter>Source Files</Filter>
    </ClCompile>
    <ClCompile Include="..\..\cglib\src\Manager.cpp">
      <Filter>Source Files</Filter>
    </ClCompile>
    <ClCompile Include="..\..\cglib\src\MouseEventNotifier.cpp">
      <Filter>Source Files</Filter>
    </ClCompile>
    <ClCompile Include="..\..\cglib\src\Properties.cpp">
      <Filter>Source Files</Filter>
    </ClCompile>
    <ClCompile Include="..\..\cglib\src\Registry.cpp">
      <Filter>Source Files</Filter>
    </ClCompile>
    <ClCompile Include="..\..\cglib\src\ReshapeEventNotifier.cpp">
      <Filter>Source Files</Filter>
    </ClCompile>
    <ClCompile Include="..\..\cglib\src\UpdateNotifier.cpp">
      <Filter>Source Files</Filter>
    </ClCompile>
    <ClCompile Include="..\..\cglib\src\Util.cpp">
      <Filter>Source Files</Filter>
    </ClCompile>
  </ItemGroup>
  <ItemGroup>
    <ClInclude Include="..\..\cglib\include\cg\Application.h">
      <Filter>Header Files</Filter>
    </ClInclude>
    <ClInclude Include="..\..\cglib\include\cg\cg.h">
      <Filter>Header Files</Filter>
    </ClInclude>
    <ClInclude Include="..\..\cglib\include\cg\CommandQueue.h">
      <Filter>Header Files</Filter>
    </ClInclude>
    <ClInclude Include="..\..\cglib\include\cg\DebugFile.h">
      <Filter>Header Files</Filter>
    </ClInclude>
    <ClInclude Include="..\..\cglib\include\cg\DebugNotifier.h">
      <Filter>Header Files</Filter>
    </ClInclude>
    <ClInclude Include="..\..\cglib\include\cg\DrawNotifier.h">
      <Filter>Header Files</Filter>
    </ClInclude>
    <ClInclude Include="..\..\cglib\include\cg\DrawOverlayNotifier.h">
      <Filter>Header Files</Filter>
    </ClInclude>
    <ClInclude Include="..\..\cglib\include\cg\Entity.h">
      <Filter>Header Files</Filter>
    </ClInclude>
    <ClInclude Include="..\..\cglib\include\cg\Group.h">
      <Filter>Header Files</Filter>
    </ClInclude>
    <ClInclude Include="..\..\cglib\include\cg\GroupDebug.h">
      <Filter>Header Files</Filter>
    </ClInclude>
    <ClInclude Include="..\..\cglib\include\cg\GroupDraw.h">
      <Filter>Header Files</Filter>
    </ClInclude>
    <ClInclude Include="..\..\cglib\include\cg\GroupDrawOverlay.h">
      <Filter>Header Files</Filter>
    </ClInclude>
    <ClInclude Include="..\..\cglib\include\cg\GroupKeyboardEvent.h">
      <Filter>Header Files</Filter>
    </ClInclude>
    <ClInclude Include="..\..\cglib\include\cg\GroupMouseEvent.h">
      <Filter>Header Files</Filter>
    </ClInclude>
    <ClInclude Include="..\..\cglib\include\cg\GroupReshapeEvent.h">
      <Filter>Header Files</Filter>
    </ClInclude>
    <ClInclude Include="..\..\cglib\include\cg\GroupUpdate.h">
      <Filter>Header Files</Filter>
    </ClInclude>
    <ClInclude Include="..\..\cglib\include\cg\IDebugListener.h">
      <Filter>Header Files</Filter>
    </ClInclude>
    <ClInclude Include="..\..\cglib\include\cg\IDrawListener.h">
      <Filter>Header Files</Filter>
    </ClInclude>
    <ClInclude Include="..\..\cglib\include\cg\IDrawOverlayListener.h">
      <Filter>Header Files</Filter>
    </ClInclude>
    <ClInclude Include="..\..\cglib\include\cg\IKeyboardEventListener.h">
      <Filter>Header Files</Filter>
    </ClInclude>
    <ClInclude Include="..\..\cglib\include\cg\IMouseEventListener.h">
      <Filter>Header Files</Filter>
    </ClInclude>
    <ClInclude Include="..\..\cglib\include\cg\IReshapeEventListener.h">
      <Filter>Header Files</Filter>
    </ClInclude>
    <ClInclude Include="..\..\cglib\include\cg\IUpdateListener.h">
      <Filter>Header Files</Filter>
    </ClInclude>
    <ClInclude Include="..\..\cglib\include\cg\KeyboardEventNotifier.h">
      <Filter>Header Files</Filter>
    </ClInclude>
    <ClInclude Include="..\..\cglib\include\cg\KeyBuffer.h">
      <Filter>Header Files</Filter>
    </ClInclude>
    <ClInclude Include="..\..\cglib\include\cg\Manager.h">
      <Filter>Header Files</Filter>
    </ClInclude>
    <ClInclude Include="..\..\cglib\include\cg\MouseEventNotifier.h">
      <Filter>Header Files</Filter>
    </ClInclude>
    <ClInclude Include="..\..\cglib\include\cg\Notifier.h">
      <Filter>Header Files</Filter>
    </ClInclude>
    <ClInclude Include="..\..\cglib\include\cg\Properties.h">
      <Filter>Header Files</Filter>
    </ClInclude>
    <ClInclude Include="..\..\cglib\include\cg\Registry.h">
      <Filter>Header Files</Filter>
    </ClInclude>
    <ClInclude Include="..\..\cglib\include\cg\ReshapeEventNotifier.h">
      <Filter>Header Files</Filter>
    </ClInclude>
    <ClInclude Include="..\..\cglib\include\cg\Singleton.h">
      <Filter>Header Files</Filter>
    </ClInclude>
    <ClInclude Include="..\..\cglib\include\cg\State.h">
      <Filter>Header Files</Filter>
    </ClInclude>
    <ClInclude Include="..\..\cglib\include\cg\Test.h">
      <Filter>Header Files</Filter>
    </ClInclude>
    <ClInclude Include="..\..\cglib\include\cg\TestSuite.h">
      <Filter>Header Files</Filter>
    </ClInclude>
    <ClInclude Include="..\..\cglib\include\cg\UpdateNotifier.h">
      <Filter>Header Files</Filter>
    </ClInclude>
    <ClInclude Include="..\..\cglib\include\cg\Util.h">
      <Filter>Header Files</Filter>
    </ClInclude>
    <ClInclude Include="..\..\cglib\include\cg\Vector.h">
      <Filter>Header Files</Filter>
    </ClInclude>
  </ItemGroup>
</Project>